
Microsoft Visual Studio Solution File, Format Version 12.00
# Visual Studio 15
VisualStudioVersion = 15.0.27130.2010
MinimumVisualStudioVersion = 10.0.40219.1
Project("{FAE04EC0-301F-11D3-BF4B-00C04F79EFBC}") = "DatabaseLayer", "DatabaseLayer\DatabaseLayer.csproj", "{46FD0F5E-5A13-4A87-B9F6-DD6CF75C1F4D}"
EndProject
Project("{FAE04EC0-301F-11D3-BF4B-00C04F79EFBC}") = "SimpleClient", "SimpleClient\SimpleClient.csproj", "{1ABE69C5-5897-4CA6-A5E1-3DC09D4CDBE8}"
EndProject
Project("{2150E333-8FDC-42A3-9474-1A3956D46DE8}") = "Solution Items", "Solution Items", "{8A61EA83-D5DC-447F-AB16-55DB60DC2684}"
	ProjectSection(SolutionItems) = preProject
		MyTable.sql = MyTable.sql
	EndProjectSection
EndProject
Project("{00D1A9C2-B5F0-4AF3-8072-F6C62B433612}") = "MyDbProject", "MyDbProject\MyDbProject.sqlproj", "{C732D23B-314A-4FDF-843D-9AE3B9195848}"
EndProject
Global
	GlobalSection(SolutionConfigurationPlatforms) = preSolution
		Debug|Any CPU = Debug|Any CPU
		Release|Any CPU = Release|Any CPU
	EndGlobalSection
	GlobalSection(ProjectConfigurationPlatforms) = postSolution
		{46FD0F5E-5A13-4A87-B9F6-DD6CF75C1F4D}.Debug|Any CPU.ActiveCfg = Debug|Any CPU
		{46FD0F5E-5A13-4A87-B9F6-DD6CF75C1F4D}.Debug|Any CPU.Build.0 = Debug|Any CPU
		{46FD0F5E-5A13-4A87-B9F6-DD6CF75C1F4D}.Release|Any CPU.ActiveCfg = Release|Any CPU
		{46FD0F5E-5A13-4A87-B9F6-DD6CF75C1F4D}.Release|Any CPU.Build.0 = Release|Any CPU
		{1ABE69C5-5897-4CA6-A5E1-3DC09D4CDBE8}.Debug|Any CPU.ActiveCfg = Debug|Any CPU
		{1ABE69C5-5897-4CA6-A5E1-3DC09D4CDBE8}.Debug|Any CPU.Build.0 = Debug|Any CPU
		{1ABE69C5-5897-4CA6-A5E1-3DC09D4CDBE8}.Release|Any CPU.ActiveCfg = Release|Any CPU
		{1ABE69C5-5897-4CA6-A5E1-3DC09D4CDBE8}.Release|Any CPU.Build.0 = Release|Any CPU
		{C732D23B-314A-4FDF-843D-9AE3B9195848}.Debug|Any CPU.ActiveCfg = Debug|Any CPU
		{C732D23B-314A-4FDF-843D-9AE3B9195848}.Debug|Any CPU.Build.0 = Debug|Any CPU
		{C732D23B-314A-4FDF-843D-9AE3B9195848}.Debug|Any CPU.Deploy.0 = Debug|Any CPU
		{C732D23B-314A-4FDF-843D-9AE3B9195848}.Release|Any CPU.ActiveCfg = Release|Any CPU
		{C732D23B-314A-4FDF-843D-9AE3B9195848}.Release|Any CPU.Build.0 = Release|Any CPU
		{C732D23B-314A-4FDF-843D-9AE3B9195848}.Release|Any CPU.Deploy.0 = Release|Any CPU
	EndGlobalSection
	GlobalSection(SolutionProperties) = preSolution
		HideSolutionNode = FALSE
	EndGlobalSection
	GlobalSection(ExtensibilityGlobals) = postSolution
		SolutionGuid = {2C52808E-807C-44AF-8800-EED379C169AC}
	EndGlobalSection
EndGlobal
